
Microsoft Visual Studio Solution File, Format Version 12.00
Project("{FAE04EC0-301F-11D3-BF4B-00C04F79EFBC}") = "RezeptVerwaltung", "RezeptVerwaltung\RezeptVerwaltung.csproj", "{A8DB97ED-6BA2-42D4-A1DA-816B07FB0B02}"
EndProject
Global
	GlobalSection(SolutionConfigurationPlatforms) = preSolution
		Debug|Any CPU = Debug|Any CPU
		Release|Any CPU = Release|Any CPU
	EndGlobalSection
	GlobalSection(ProjectConfigurationPlatforms) = postSolution
		{A8DB97ED-6BA2-42D4-A1DA-816B07FB0B02}.Debug|Any CPU.ActiveCfg = Debug|Any CPU
		{A8DB97ED-6BA2-42D4-A1DA-816B07FB0B02}.Debug|Any CPU.Build.0 = Debug|Any CPU
		{A8DB97ED-6BA2-42D4-A1DA-816B07FB0B02}.Release|Any CPU.ActiveCfg = Release|Any CPU
		{A8DB97ED-6BA2-42D4-A1DA-816B07FB0B02}.Release|Any CPU.Build.0 = Release|Any CPU
	EndGlobalSection
EndGlobal
